
Microsoft Visual Studio Solution File, Format Version 11.00
# Visual Studio 2010
Project("{FAE04EC0-301F-11D3-BF4B-00C04F79EFBC}") = "ForgottenSeas", "Assembly-CSharp-firstpass.csproj", "{FE399651-4200-AF7B-5949-A04A5CC7DB0B}"
EndProject
Project("{FAE04EC0-301F-11D3-BF4B-00C04F79EFBC}") = "ForgottenSeas", "Assembly-CSharp.csproj", "{6A0774D6-948E-B82A-5086-AE52EB5A07A4}"
EndProject
Global
	GlobalSection(SolutionConfigurationPlatforms) = preSolution
		Debug|Any CPU = Debug|Any CPU
		Release|Any CPU = Release|Any CPU
	EndGlobalSection
	GlobalSection(ProjectConfigurationPlatforms) = postSolution
		{FE399651-4200-AF7B-5949-A04A5CC7DB0B}.Debug|Any CPU.ActiveCfg = Debug|Any CPU
		{FE399651-4200-AF7B-5949-A04A5CC7DB0B}.Debug|Any CPU.Build.0 = Debug|Any CPU
		{FE399651-4200-AF7B-5949-A04A5CC7DB0B}.Release|Any CPU.ActiveCfg = Release|Any CPU
		{FE399651-4200-AF7B-5949-A04A5CC7DB0B}.Release|Any CPU.Build.0 = Release|Any CPU
		{6A0774D6-948E-B82A-5086-AE52EB5A07A4}.Debug|Any CPU.ActiveCfg = Debug|Any CPU
		{6A0774D6-948E-B82A-5086-AE52EB5A07A4}.Debug|Any CPU.Build.0 = Debug|Any CPU
		{6A0774D6-948E-B82A-5086-AE52EB5A07A4}.Release|Any CPU.ActiveCfg = Release|Any CPU
		{6A0774D6-948E-B82A-5086-AE52EB5A07A4}.Release|Any CPU.Build.0 = Release|Any CPU
	EndGlobalSection
	GlobalSection(SolutionProperties) = preSolution
		HideSolutionNode = FALSE
	EndGlobalSection
	GlobalSection(MonoDevelopProperties) = preSolution
		StartupItem = Assembly-CSharp.csproj
	EndGlobalSection
EndGlobal
